
Microsoft Visual Studio Solution File, Format Version 12.00
# Visual Studio 15
VisualStudioVersion = 15.0.28010.2041
MinimumVisualStudioVersion = 10.0.40219.1
Project("{FAE04EC0-301F-11D3-BF4B-00C04F79EFBC}") = "SalesWebMvc", "SalesWebMvc\SalesWebMvc.csproj", "{0691A966-B2DD-4080-809B-EFC7C56F7B74}"
EndProject
Global
	GlobalSection(SolutionConfigurationPlatforms) = preSolution
		Debug|Any CPU = Debug|Any CPU
		Release|Any CPU = Release|Any CPU
	EndGlobalSection
	GlobalSection(ProjectConfigurationPlatforms) = postSolution
		{0691A966-B2DD-4080-809B-EFC7C56F7B74}.Debug|Any CPU.ActiveCfg = Debug|Any CPU
		{0691A966-B2DD-4080-809B-EFC7C56F7B74}.Debug|Any CPU.Build.0 = Debug|Any CPU
		{0691A966-B2DD-4080-809B-EFC7C56F7B74}.Release|Any CPU.ActiveCfg = Release|Any CPU
		{0691A966-B2DD-4080-809B-EFC7C56F7B74}.Release|Any CPU.Build.0 = Release|Any CPU
	EndGlobalSection
	GlobalSection(SolutionProperties) = preSolution
		HideSolutionNode = FALSE
	EndGlobalSection
	GlobalSection(ExtensibilityGlobals) = postSolution
		SolutionGuid = {398E9BDF-8E06-43D6-9FE2-FC7A97C362DE}
	EndGlobalSection
EndGlobal
